{
  "name": "prettify-source",
  "version": "2.0.0",
  "lockfileVersion": 2,
  "requires": true,
  "packages": {
    "": {
      "name": "prettify-source",
      "version": "2.0.0",
      "license": "MIT",
      "dependencies": {
        "mime-types": "^2.1.33",
        "prettier": "^2.4.1",
        "recursive-file-walker": "^3.0.2",
        "time-stamped-console-log": "^2.0.1"
      }
    },
    "node_modules/hours-minutes-seconds": {
      "version": "2.0.0",
      "resolved": "https://registry.npmjs.org/hours-minutes-seconds/-/hours-minutes-seconds-2.0.0.tgz",
      "integrity": "sha512-NiBcI8S5udbOFi+q/RnVg7/Yohab3MsqnZhWAuVDxMgORiM7DZDvRKhwoTG6ufFMu4UbOScQWdM9VVFKLfWY3w=="
    },
    "node_modules/mime-db": {
      "version": "1.50.0",
      "resolved": "https://registry.npmjs.org/mime-db/-/mime-db-1.50.0.tgz",
      "integrity": "sha512-9tMZCDlYHqeERXEHO9f/hKfNXhre5dK2eE/krIvUjZbS2KPcqGDfNShIWS1uW9XOTKQKqK6qbeOci18rbfW77A==",
      "engines": {
        "node": ">= 0.6"
      }
    },
    "node_modules/mime-types": {
      "version": "2.1.33",
      "resolved": "https://registry.npmjs.org/mime-types/-/mime-types-2.1.33.tgz",
      "integrity": "sha512-plLElXp7pRDd0bNZHw+nMd52vRYjLwQjygaNg7ddJ2uJtTlmnTCjWuPKxVu6//AdaRuME84SvLW91sIkBqGT0g==",
      "dependencies": {
        "mime-db": "1.50.0"
      },
      "engines": {
        "node": ">= 0.6"
      }
    },
    "node_modules/prettier": {
      "version": "2.4.1",
      "resolved": "https://registry.npmjs.org/prettier/-/prettier-2.4.1.tgz",
      "integrity": "sha512-9fbDAXSBcc6Bs1mZrDYb3XKzDLm4EXXL9sC1LqKP5rZkT6KRr/rf9amVUcODVXgguK/isJz0d0hP72WeaKWsvA==",
      "bin": {
        "prettier": "bin-prettier.js"
      },
      "engines": {
        "node": ">=10.13.0"
      }
    },
    "node_modules/recursive-file-walker": {
      "version": "3.0.2",
      "resolved": "https://registry.npmjs.org/recursive-file-walker/-/recursive-file-walker-3.0.2.tgz",
      "integrity": "sha512-MmhRvAeCq7we1mc4bhWwR2DEnCW4e+0UzrsQOdTfUZQraLyIlllOEJgtTWBAz5oc7gra3BGZqdzvkEgx+O5y4g==",
      "dependencies": {
        "stamptime": "^3.0.1"
      }
    },
    "node_modules/stamptime": {
      "version": "3.0.1",
      "resolved": "https://registry.npmjs.org/stamptime/-/stamptime-3.0.1.tgz",
      "integrity": "sha512-HB8P8CSeteVLgj9kmg8tJ9XQDBNUqm2FYkhgzQUCpHC4IrMdlV6HiZAa6Ttcv2EN5q+n8ngmnk/r7vxHEoIgZg=="
    },
    "node_modules/time-stamped-console-log": {
      "version": "2.0.1",
      "resolved": "https://registry.npmjs.org/time-stamped-console-log/-/time-stamped-console-log-2.0.1.tgz",
      "integrity": "sha512-7gmCVXNkPOCKAfVnaxF4TYNXlzjJWStFvsDutkIYy/+1HMLuDT602aXCUALUjXavsgJa6F3dGIrR2hiN9J73TA==",
      "dependencies": {
        "hours-minutes-seconds": "^2.0.0"
      }
    }
  },
  "dependencies": {
    "hours-minutes-seconds": {
      "version": "2.0.0",
      "resolved": "https://registry.npmjs.org/hours-minutes-seconds/-/hours-minutes-seconds-2.0.0.tgz",
      "integrity": "sha512-NiBcI8S5udbOFi+q/RnVg7/Yohab3MsqnZhWAuVDxMgORiM7DZDvRKhwoTG6ufFMu4UbOScQWdM9VVFKLfWY3w=="
    },
    "mime-db": {
      "version": "1.50.0",
      "resolved": "https://registry.npmjs.org/mime-db/-/mime-db-1.50.0.tgz",
      "integrity": "sha512-9tMZCDlYHqeERXEHO9f/hKfNXhre5dK2eE/krIvUjZbS2KPcqGDfNShIWS1uW9XOTKQKqK6qbeOci18rbfW77A=="
    },
    "mime-types": {
      "version": "2.1.33",
      "resolved": "https://registry.npmjs.org/mime-types/-/mime-types-2.1.33.tgz",
      "integrity": "sha512-plLElXp7pRDd0bNZHw+nMd52vRYjLwQjygaNg7ddJ2uJtTlmnTCjWuPKxVu6//AdaRuME84SvLW91sIkBqGT0g==",
      "requires": {
        "mime-db": "1.50.0"
      }
    },
    "prettier": {
      "version": "2.4.1",
      "resolved": "https://registry.npmjs.org/prettier/-/prettier-2.4.1.tgz",
      "integrity": "sha512-9fbDAXSBcc6Bs1mZrDYb3XKzDLm4EXXL9sC1LqKP5rZkT6KRr/rf9amVUcODVXgguK/isJz0d0hP72WeaKWsvA=="
    },
    "recursive-file-walker": {
      "version": "3.0.2",
      "resolved": "https://registry.npmjs.org/recursive-file-walker/-/recursive-file-walker-3.0.2.tgz",
      "integrity": "sha512-MmhRvAeCq7we1mc4bhWwR2DEnCW4e+0UzrsQOdTfUZQraLyIlllOEJgtTWBAz5oc7gra3BGZqdzvkEgx+O5y4g==",
      "requires": {
        "stamptime": "^3.0.1"
      }
    },
    "stamptime": {
      "version": "3.0.1",
      "resolved": "https://registry.npmjs.org/stamptime/-/stamptime-3.0.1.tgz",
      "integrity": "sha512-HB8P8CSeteVLgj9kmg8tJ9XQDBNUqm2FYkhgzQUCpHC4IrMdlV6HiZAa6Ttcv2EN5q+n8ngmnk/r7vxHEoIgZg=="
    },
    "time-stamped-console-log": {
      "version": "2.0.1",
      "resolved": "https://registry.npmjs.org/time-stamped-console-log/-/time-stamped-console-log-2.0.1.tgz",
      "integrity": "sha512-7gmCVXNkPOCKAfVnaxF4TYNXlzjJWStFvsDutkIYy/+1HMLuDT602aXCUALUjXavsgJa6F3dGIrR2hiN9J73TA==",
      "requires": {
        "hours-minutes-seconds": "^2.0.0"
      }
    }
  }
}
