{
  "name": "npm-prettify-source",
  "version": "1.0.0",
  "lockfileVersion": 1,
  "requires": true,
  "dependencies": {
    "hours-minutes-seconds": {
      "version": "1.0.1",
      "resolved": "https://registry.npmjs.org/hours-minutes-seconds/-/hours-minutes-seconds-1.0.1.tgz",
      "integrity": "sha512-L/LoEYvPjVKGolg46DbThh2zzljTWnJ2954ZOOuydApltNp6V7/WsHFb7gjQ1r3nanc31PByEDjuODk1BCAASg=="
    },
    "mime-db": {
      "version": "1.45.0",
      "resolved": "https://registry.npmjs.org/mime-db/-/mime-db-1.45.0.tgz",
      "integrity": "sha512-CkqLUxUk15hofLoLyljJSrukZi8mAtgd+yE5uO4tqRZsdsAJKv0O+rFMhVDRJgozy+yG6md5KwuXhD4ocIoP+w=="
    },
    "mime-types": {
      "version": "2.1.28",
      "resolved": "https://registry.npmjs.org/mime-types/-/mime-types-2.1.28.tgz",
      "integrity": "sha512-0TO2yJ5YHYr7M2zzT7gDU1tbwHxEUWBCLt0lscSNpcdAfFyJOVEpRYNS7EXVcTLNj/25QO8gulHC5JtTzSE2UQ==",
      "requires": {
        "mime-db": "1.45.0"
      }
    },
    "prettier": {
      "version": "2.2.1",
      "resolved": "https://registry.npmjs.org/prettier/-/prettier-2.2.1.tgz",
      "integrity": "sha512-PqyhM2yCjg/oKkFPtTGUojv7gnZAoG80ttl45O6x2Ug/rMJw4wcc9k6aaf2hibP7BGVCCM33gZoGjyvt9mm16Q=="
    },
    "recursive-file-walker": {
      "version": "1.0.7",
      "resolved": "https://registry.npmjs.org/recursive-file-walker/-/recursive-file-walker-1.0.7.tgz",
      "integrity": "sha512-hTJrVc9ril0kzHsasTegDjDnOjdtc8HvK/FKGuuhwpJL+rq8Nv1CfwrOnH/jfFxbwiFd+GD/IYULDmUBOsojNQ==",
      "requires": {
        "stamptime": "^1.0.7"
      }
    },
    "stamptime": {
      "version": "1.0.7",
      "resolved": "https://registry.npmjs.org/stamptime/-/stamptime-1.0.7.tgz",
      "integrity": "sha512-+8o3+Pxdiy+32cCjlomtxzF/cVzOStNenXuiTMsbGZzB48hNZkFOtVPeEq9/dV+LM4ufR4zM09Hg9JXwqAMZuQ=="
    },
    "time-stamped-console-log": {
      "version": "1.0.2",
      "resolved": "https://registry.npmjs.org/time-stamped-console-log/-/time-stamped-console-log-1.0.2.tgz",
      "integrity": "sha512-kiCjF97EJbuUHX0yG4Dmvrr5qC3ivrZVGNeFRcXmqLBmhV0YY356sS/SUj3csaqdm1LONw/oNjoh/ixgWtYFoQ==",
      "requires": {
        "hours-minutes-seconds": "^1.0.1"
      }
    }
  }
}
